
Microsoft Visual Studio Solution File, Format Version 12.00
# Visual Studio Version 16
VisualStudioVersion = 16.0.30717.126
MinimumVisualStudioVersion = 10.0.40219.1
Project("{9A19103F-16F7-4668-BE54-9A1E7A4F7556}") = "BillMonitoring.WebAPI", "BillMonitoring.WebAPI\BillMonitoring.WebAPI.csproj", "{DBA74291-00F8-4E4B-AD74-B06B4D299CF8}"
EndProject
Project("{9A19103F-16F7-4668-BE54-9A1E7A4F7556}") = "BillMonitoring.Entities", "BillMonitoring.Entities\BillMonitoring.Entities.csproj", "{7EFFAC26-3D84-426C-977E-EA719FC74665}"
EndProject
Project("{9A19103F-16F7-4668-BE54-9A1E7A4F7556}") = "BillMonitoring.DAL", "BillMonitoring.DAL\BillMonitoring.DAL.csproj", "{7FEEABA8-4153-4040-9467-DC00C3F26FB9}"
EndProject
Project("{FAE04EC0-301F-11D3-BF4B-00C04F79EFBC}") = "BillMonitoring.BLL", "BillMonitoring.BLL\BillMonitoring.BLL.csproj", "{D34C7DFF-3A55-42AA-921C-61F492A3B964}"
EndProject
Project("{2150E333-8FDC-42A3-9474-1A3956D46DE8}") = "BillMonitoring.DTO", "BillMonitoring.DTO", "{BCF17412-4DED-4D28-AD87-08D11731A5FB}"
EndProject
Project("{9A19103F-16F7-4668-BE54-9A1E7A4F7556}") = "BillMonitoring.DTO", "..\BillMonitoring.DTO\BillMonitoring.DTO.csproj", "{94F89756-249F-40C7-9FCF-E56340B6B68D}"
EndProject
Global
	GlobalSection(SolutionConfigurationPlatforms) = preSolution
		Debug|Any CPU = Debug|Any CPU
		Release|Any CPU = Release|Any CPU
	EndGlobalSection
	GlobalSection(ProjectConfigurationPlatforms) = postSolution
		{DBA74291-00F8-4E4B-AD74-B06B4D299CF8}.Debug|Any CPU.ActiveCfg = Debug|Any CPU
		{DBA74291-00F8-4E4B-AD74-B06B4D299CF8}.Debug|Any CPU.Build.0 = Debug|Any CPU
		{DBA74291-00F8-4E4B-AD74-B06B4D299CF8}.Release|Any CPU.ActiveCfg = Release|Any CPU
		{DBA74291-00F8-4E4B-AD74-B06B4D299CF8}.Release|Any CPU.Build.0 = Release|Any CPU
		{7EFFAC26-3D84-426C-977E-EA719FC74665}.Debug|Any CPU.ActiveCfg = Debug|Any CPU
		{7EFFAC26-3D84-426C-977E-EA719FC74665}.Debug|Any CPU.Build.0 = Debug|Any CPU
		{7EFFAC26-3D84-426C-977E-EA719FC74665}.Release|Any CPU.ActiveCfg = Release|Any CPU
		{7EFFAC26-3D84-426C-977E-EA719FC74665}.Release|Any CPU.Build.0 = Release|Any CPU
		{7FEEABA8-4153-4040-9467-DC00C3F26FB9}.Debug|Any CPU.ActiveCfg = Debug|Any CPU
		{7FEEABA8-4153-4040-9467-DC00C3F26FB9}.Debug|Any CPU.Build.0 = Debug|Any CPU
		{7FEEABA8-4153-4040-9467-DC00C3F26FB9}.Release|Any CPU.ActiveCfg = Release|Any CPU
		{7FEEABA8-4153-4040-9467-DC00C3F26FB9}.Release|Any CPU.Build.0 = Release|Any CPU
		{D34C7DFF-3A55-42AA-921C-61F492A3B964}.Debug|Any CPU.ActiveCfg = Debug|Any CPU
		{D34C7DFF-3A55-42AA-921C-61F492A3B964}.Debug|Any CPU.Build.0 = Debug|Any CPU
		{D34C7DFF-3A55-42AA-921C-61F492A3B964}.Release|Any CPU.ActiveCfg = Release|Any CPU
		{D34C7DFF-3A55-42AA-921C-61F492A3B964}.Release|Any CPU.Build.0 = Release|Any CPU
		{94F89756-249F-40C7-9FCF-E56340B6B68D}.Debug|Any CPU.ActiveCfg = Debug|Any CPU
		{94F89756-249F-40C7-9FCF-E56340B6B68D}.Debug|Any CPU.Build.0 = Debug|Any CPU
		{94F89756-249F-40C7-9FCF-E56340B6B68D}.Release|Any CPU.ActiveCfg = Release|Any CPU
		{94F89756-249F-40C7-9FCF-E56340B6B68D}.Release|Any CPU.Build.0 = Release|Any CPU
	EndGlobalSection
	GlobalSection(SolutionProperties) = preSolution
		HideSolutionNode = FALSE
	EndGlobalSection
	GlobalSection(NestedProjects) = preSolution
		{94F89756-249F-40C7-9FCF-E56340B6B68D} = {BCF17412-4DED-4D28-AD87-08D11731A5FB}
	EndGlobalSection
	GlobalSection(ExtensibilityGlobals) = postSolution
		SolutionGuid = {28162102-0846-4B74-9FED-F890A8E2D7E7}
	EndGlobalSection
EndGlobal
